
Microsoft Visual Studio Solution File, Format Version 12.00
# Visual Studio Version 17
VisualStudioVersion = 17.11.35327.3
MinimumVisualStudioVersion = 10.0.40219.1
Project("{FAE04EC0-301F-11D3-BF4B-00C04F79EFBC}") = "guss_the_number", "guss_the_number\guss_the_number.csproj", "{9F8B4051-4C3D-4FC4-AD20-3852CCC7BA46}"
EndProject
Global
	GlobalSection(SolutionConfigurationPlatforms) = preSolution
		Debug|Any CPU = Debug|Any CPU
		Release|Any CPU = Release|Any CPU
	EndGlobalSection
	GlobalSection(ProjectConfigurationPlatforms) = postSolution
		{9F8B4051-4C3D-4FC4-AD20-3852CCC7BA46}.Debug|Any CPU.ActiveCfg = Debug|Any CPU
		{9F8B4051-4C3D-4FC4-AD20-3852CCC7BA46}.Debug|Any CPU.Build.0 = Debug|Any CPU
		{9F8B4051-4C3D-4FC4-AD20-3852CCC7BA46}.Release|Any CPU.ActiveCfg = Release|Any CPU
		{9F8B4051-4C3D-4FC4-AD20-3852CCC7BA46}.Release|Any CPU.Build.0 = Release|Any CPU
	EndGlobalSection
	GlobalSection(SolutionProperties) = preSolution
		HideSolutionNode = FALSE
	EndGlobalSection
	GlobalSection(ExtensibilityGlobals) = postSolution
		SolutionGuid = {BD920E5F-A40D-478A-A73B-FB5017DA6B77}
	EndGlobalSection
EndGlobal
